
Microsoft Visual Studio Solution File, Format Version 12.00
# Visual Studio 14
VisualStudioVersion = 14.0.23107.0
MinimumVisualStudioVersion = 10.0.40219.1
Project("{2150E333-8FDC-42A3-9474-1A3956D46DE8}") = "src", "src", "{41344E51-3FFB-4E3F-AD83-6DC05BC8045F}"
EndProject
Project("{2150E333-8FDC-42A3-9474-1A3956D46DE8}") = "Solution Items", "Solution Items", "{3A2F9D4E-C088-4CEA-A72E-9B93F467BE14}"
	ProjectSection(SolutionItems) = preProject
		global.json = global.json
	EndProjectSection
EndProject
Project("{8BB2217D-0F2D-49D1-97BC-3654ED321F3B}") = "Tests", "src\Tests\Tests.xproj", "{D20BEE97-0E17-441B-B769-D39EF963A7D1}"
EndProject
Project("{8BB2217D-0F2D-49D1-97BC-3654ED321F3B}") = "Utils", "src\Utils\Utils.xproj", "{00E320EE-F8E7-40C2-9334-A02561EDAEAA}"
EndProject
Project("{8BB2217D-0F2D-49D1-97BC-3654ED321F3B}") = "XunitExt", "src\XunitExt\XunitExt.xproj", "{4BB72FA7-55C9-4E21-B02F-77BE395EF221}"
EndProject
Global
	GlobalSection(SolutionConfigurationPlatforms) = preSolution
		Debug|Any CPU = Debug|Any CPU
		Release|Any CPU = Release|Any CPU
	EndGlobalSection
	GlobalSection(ProjectConfigurationPlatforms) = postSolution
		{D20BEE97-0E17-441B-B769-D39EF963A7D1}.Debug|Any CPU.ActiveCfg = Debug|Any CPU
		{D20BEE97-0E17-441B-B769-D39EF963A7D1}.Debug|Any CPU.Build.0 = Debug|Any CPU
		{D20BEE97-0E17-441B-B769-D39EF963A7D1}.Release|Any CPU.ActiveCfg = Release|Any CPU
		{D20BEE97-0E17-441B-B769-D39EF963A7D1}.Release|Any CPU.Build.0 = Release|Any CPU
		{00E320EE-F8E7-40C2-9334-A02561EDAEAA}.Debug|Any CPU.ActiveCfg = Debug|Any CPU
		{00E320EE-F8E7-40C2-9334-A02561EDAEAA}.Debug|Any CPU.Build.0 = Debug|Any CPU
		{00E320EE-F8E7-40C2-9334-A02561EDAEAA}.Release|Any CPU.ActiveCfg = Release|Any CPU
		{00E320EE-F8E7-40C2-9334-A02561EDAEAA}.Release|Any CPU.Build.0 = Release|Any CPU
		{4BB72FA7-55C9-4E21-B02F-77BE395EF221}.Debug|Any CPU.ActiveCfg = Debug|Any CPU
		{4BB72FA7-55C9-4E21-B02F-77BE395EF221}.Debug|Any CPU.Build.0 = Debug|Any CPU
		{4BB72FA7-55C9-4E21-B02F-77BE395EF221}.Release|Any CPU.ActiveCfg = Release|Any CPU
		{4BB72FA7-55C9-4E21-B02F-77BE395EF221}.Release|Any CPU.Build.0 = Release|Any CPU
	EndGlobalSection
	GlobalSection(SolutionProperties) = preSolution
		HideSolutionNode = FALSE
	EndGlobalSection
	GlobalSection(NestedProjects) = preSolution
		{D20BEE97-0E17-441B-B769-D39EF963A7D1} = {41344E51-3FFB-4E3F-AD83-6DC05BC8045F}
		{00E320EE-F8E7-40C2-9334-A02561EDAEAA} = {41344E51-3FFB-4E3F-AD83-6DC05BC8045F}
		{4BB72FA7-55C9-4E21-B02F-77BE395EF221} = {41344E51-3FFB-4E3F-AD83-6DC05BC8045F}
	EndGlobalSection
EndGlobal
